// !$*UTF8*$!
{
	archiveVersion = 1;
	classes = {
	};
	objectVersion = 50;
	objects = {

/* Begin PBXBuildFile section */
		0A28661023644FE100773A5A /* CountryCodes.swift in Sources */ = {isa = PBXBuildFile; fileRef = 0A28660F23644FE100773A5A /* CountryCodes.swift */; };
		0A286612236489E900773A5A /* EntitiesManager.swift in Sources */ = {isa = PBXBuildFile; fileRef = 0A286611236489E900773A5A /* EntitiesManager.swift */; };
		0A286614236491FE00773A5A /* PairListViewController.swift in Sources */ = {isa = PBXBuildFile; fileRef = 0A286613236491FE00773A5A /* PairListViewController.swift */; };
		0A28661723649D5B00773A5A /* PairTableViewCell.swift in Sources */ = {isa = PBXBuildFile; fileRef = 0A28661523649D5B00773A5A /* PairTableViewCell.swift */; };
		0A28661823649D5B00773A5A /* PairTableViewCell.xib in Resources */ = {isa = PBXBuildFile; fileRef = 0A28661623649D5B00773A5A /* PairTableViewCell.xib */; };
		0A7CB772236349E30029FBD3 /* AppDelegate.swift in Sources */ = {isa = PBXBuildFile; fileRef = 0A7CB771236349E30029FBD3 /* AppDelegate.swift */; };
		0A7CB776236349E30029FBD3 /* AddPairViewController.swift in Sources */ = {isa = PBXBuildFile; fileRef = 0A7CB775236349E30029FBD3 /* AddPairViewController.swift */; };
		0A7CB77B236349E90029FBD3 /* Assets.xcassets in Resources */ = {isa = PBXBuildFile; fileRef = 0A7CB77A236349E90029FBD3 /* Assets.xcassets */; };
		0A7CB79123636B490029FBD3 /* ExchangeRates.storyboard in Resources */ = {isa = PBXBuildFile; fileRef = 0A7CB78D23636B490029FBD3 /* ExchangeRates.storyboard */; };
		0A7CB79223636B490029FBD3 /* LaunchScreen.storyboard in Resources */ = {isa = PBXBuildFile; fileRef = 0A7CB78F23636B490029FBD3 /* LaunchScreen.storyboard */; };
		0A7CB7942363744D0029FBD3 /* CountriesListViewController.swift in Sources */ = {isa = PBXBuildFile; fileRef = 0A7CB7932363744D0029FBD3 /* CountriesListViewController.swift */; };
		0A7CB79D236379350029FBD3 /* Localizable.strings in Resources */ = {isa = PBXBuildFile; fileRef = 0A7CB79B236379350029FBD3 /* Localizable.strings */; };
		0A7CB7A823637D5D0029FBD3 /* CountriesTableViewCell.swift in Sources */ = {isa = PBXBuildFile; fileRef = 0A7CB7A623637D5D0029FBD3 /* CountriesTableViewCell.swift */; };
		0A7CB7A923637D5D0029FBD3 /* CountriesTableViewCell.xib in Resources */ = {isa = PBXBuildFile; fileRef = 0A7CB7A723637D5D0029FBD3 /* CountriesTableViewCell.xib */; };
		0A7CB7AC23637FEE0029FBD3 /* CountryInfo.swift in Sources */ = {isa = PBXBuildFile; fileRef = 0A7CB7AB23637FEE0029FBD3 /* CountryInfo.swift */; };
		0A7CB7AE23638BA70029FBD3 /* APIManager.swift in Sources */ = {isa = PBXBuildFile; fileRef = 0A7CB7AD23638BA70029FBD3 /* APIManager.swift */; };
		0A81025823672AFA002C94E2 /* SplashScreen.storyboard in Resources */ = {isa = PBXBuildFile; fileRef = 0A81025723672AFA002C94E2 /* SplashScreen.storyboard */; };
		0A81025A23672B25002C94E2 /* SplashScreenViewController.swift in Sources */ = {isa = PBXBuildFile; fileRef = 0A81025923672B25002C94E2 /* SplashScreenViewController.swift */; };
		0A81025C236732FD002C94E2 /* BaseViewController.swift in Sources */ = {isa = PBXBuildFile; fileRef = 0A81025B236732FD002C94E2 /* BaseViewController.swift */; };
		0A8102652367788E002C94E2 /* RevolutTestApplicationTests.swift in Sources */ = {isa = PBXBuildFile; fileRef = 0A8102642367788E002C94E2 /* RevolutTestApplicationTests.swift */; };
		0A982FD72364F72C0082E142 /* Constants.swift in Sources */ = {isa = PBXBuildFile; fileRef = 0A982FD62364F72C0082E142 /* Constants.swift */; };
		0A982FD92364FB0F0082E142 /* APIError.swift in Sources */ = {isa = PBXBuildFile; fileRef = 0A982FD82364FB0F0082E142 /* APIError.swift */; };
		0A982FDB2364FBDA0082E142 /* NetworkManager.swift in Sources */ = {isa = PBXBuildFile; fileRef = 0A982FDA2364FBDA0082E142 /* NetworkManager.swift */; };
		0AB399A7237CB5080044FC3B /* URL+Utils.swift in Sources */ = {isa = PBXBuildFile; fileRef = 0AB399A6237CB5080044FC3B /* URL+Utils.swift */; };
/* End PBXBuildFile section */

/* Begin PBXContainerItemProxy section */
		0A8102672367788E002C94E2 /* PBXContainerItemProxy */ = {
			isa = PBXContainerItemProxy;
			containerPortal = 0A7CB766236349E30029FBD3 /* Project object */;
			proxyType = 1;
			remoteGlobalIDString = 0A7CB76D236349E30029FBD3;
			remoteInfo = RevolutTestApplication;
		};
/* End PBXContainerItemProxy section */

/* Begin PBXFileReference section */
		0A28660F23644FE100773A5A /* CountryCodes.swift */ = {isa = PBXFileReference; lastKnownFileType = sourcecode.swift; path = CountryCodes.swift; sourceTree = "<group>"; };
		0A286611236489E900773A5A /* EntitiesManager.swift */ = {isa = PBXFileReference; lastKnownFileType = sourcecode.swift; path = EntitiesManager.swift; sourceTree = "<group>"; };
		0A286613236491FE00773A5A /* PairListViewController.swift */ = {isa = PBXFileReference; lastKnownFileType = sourcecode.swift; path = PairListViewController.swift; sourceTree = "<group>"; };
		0A28661523649D5B00773A5A /* PairTableViewCell.swift */ = {isa = PBXFileReference; lastKnownFileType = sourcecode.swift; path = PairTableViewCell.swift; sourceTree = "<group>"; };
		0A28661623649D5B00773A5A /* PairTableViewCell.xib */ = {isa = PBXFileReference; lastKnownFileType = file.xib; path = PairTableViewCell.xib; sourceTree = "<group>"; };
		0A7CB76E236349E30029FBD3 /* RevolutTestApplication.app */ = {isa = PBXFileReference; explicitFileType = wrapper.application; includeInIndex = 0; path = RevolutTestApplication.app; sourceTree = BUILT_PRODUCTS_DIR; };
		0A7CB771236349E30029FBD3 /* AppDelegate.swift */ = {isa = PBXFileReference; lastKnownFileType = sourcecode.swift; path = AppDelegate.swift; sourceTree = "<group>"; };
		0A7CB775236349E30029FBD3 /* AddPairViewController.swift */ = {isa = PBXFileReference; lastKnownFileType = sourcecode.swift; path = AddPairViewController.swift; sourceTree = "<group>"; };
		0A7CB77A236349E90029FBD3 /* Assets.xcassets */ = {isa = PBXFileReference; lastKnownFileType = folder.assetcatalog; path = Assets.xcassets; sourceTree = "<group>"; };
		0A7CB77F236349E90029FBD3 /* Info.plist */ = {isa = PBXFileReference; lastKnownFileType = text.plist.xml; path = Info.plist; sourceTree = "<group>"; };
		0A7CB78E23636B490029FBD3 /* Base */ = {isa = PBXFileReference; lastKnownFileType = file.storyboard; name = Base; path = Base.lproj/ExchangeRates.storyboard; sourceTree = "<group>"; };
		0A7CB79023636B490029FBD3 /* Base */ = {isa = PBXFileReference; lastKnownFileType = file.storyboard; name = Base; path = Base.lproj/LaunchScreen.storyboard; sourceTree = "<group>"; };
		0A7CB7932363744D0029FBD3 /* CountriesListViewController.swift */ = {isa = PBXFileReference; lastKnownFileType = sourcecode.swift; path = CountriesListViewController.swift; sourceTree = "<group>"; };
		0A7CB79C236379350029FBD3 /* en */ = {isa = PBXFileReference; lastKnownFileType = text.plist.strings; name = en; path = en.lproj/Localizable.strings; sourceTree = "<group>"; };
		0A7CB7A623637D5D0029FBD3 /* CountriesTableViewCell.swift */ = {isa = PBXFileReference; lastKnownFileType = sourcecode.swift; path = CountriesTableViewCell.swift; sourceTree = "<group>"; };
		0A7CB7A723637D5D0029FBD3 /* CountriesTableViewCell.xib */ = {isa = PBXFileReference; lastKnownFileType = file.xib; path = CountriesTableViewCell.xib; sourceTree = "<group>"; };
		0A7CB7AB23637FEE0029FBD3 /* CountryInfo.swift */ = {isa = PBXFileReference; lastKnownFileType = sourcecode.swift; path = CountryInfo.swift; sourceTree = "<group>"; };
		0A7CB7AD23638BA70029FBD3 /* APIManager.swift */ = {isa = PBXFileReference; lastKnownFileType = sourcecode.swift; path = APIManager.swift; sourceTree = "<group>"; };
		0A81025723672AFA002C94E2 /* SplashScreen.storyboard */ = {isa = PBXFileReference; lastKnownFileType = file.storyboard; path = SplashScreen.storyboard; sourceTree = "<group>"; };
		0A81025923672B25002C94E2 /* SplashScreenViewController.swift */ = {isa = PBXFileReference; lastKnownFileType = sourcecode.swift; path = SplashScreenViewController.swift; sourceTree = "<group>"; };
		0A81025B236732FD002C94E2 /* BaseViewController.swift */ = {isa = PBXFileReference; lastKnownFileType = sourcecode.swift; path = BaseViewController.swift; sourceTree = "<group>"; };
		0A8102622367788E002C94E2 /* RevolutTestApplicationTests.xctest */ = {isa = PBXFileReference; explicitFileType = wrapper.cfbundle; includeInIndex = 0; path = RevolutTestApplicationTests.xctest; sourceTree = BUILT_PRODUCTS_DIR; };
		0A8102642367788E002C94E2 /* RevolutTestApplicationTests.swift */ = {isa = PBXFileReference; lastKnownFileType = sourcecode.swift; path = RevolutTestApplicationTests.swift; sourceTree = "<group>"; };
		0A8102662367788E002C94E2 /* Info.plist */ = {isa = PBXFileReference; lastKnownFileType = text.plist.xml; path = Info.plist; sourceTree = "<group>"; };
		0A982FD62364F72C0082E142 /* Constants.swift */ = {isa = PBXFileReference; lastKnownFileType = sourcecode.swift; path = Constants.swift; sourceTree = "<group>"; };
		0A982FD82364FB0F0082E142 /* APIError.swift */ = {isa = PBXFileReference; lastKnownFileType = sourcecode.swift; path = APIError.swift; sourceTree = "<group>"; };
		0A982FDA2364FBDA0082E142 /* NetworkManager.swift */ = {isa = PBXFileReference; lastKnownFileType = sourcecode.swift; path = NetworkManager.swift; sourceTree = "<group>"; };
		0AB399A6237CB5080044FC3B /* URL+Utils.swift */ = {isa = PBXFileReference; lastKnownFileType = sourcecode.swift; path = "URL+Utils.swift"; sourceTree = "<group>"; };
		1B621650EFAF40BC66553A46 /* Pods_RevolutTestApplication.framework */ = {isa = PBXFileReference; explicitFileType = wrapper.framework; includeInIndex = 0; path = Pods_RevolutTestApplication.framework; sourceTree = BUILT_PRODUCTS_DIR; };
/* End PBXFileReference section */

/* Begin PBXFrameworksBuildPhase section */
		0A7CB76B236349E30029FBD3 /* Frameworks */ = {
			isa = PBXFrameworksBuildPhase;
			buildActionMask = 2147483647;
			files = (
			);
			runOnlyForDeploymentPostprocessing = 0;
		};
		0A81025F2367788E002C94E2 /* Frameworks */ = {
			isa = PBXFrameworksBuildPhase;
			buildActionMask = 2147483647;
			files = (
			);
			runOnlyForDeploymentPostprocessing = 0;
		};
/* End PBXFrameworksBuildPhase section */

/* Begin PBXGroup section */
		0A28660E23644F0700773A5A /* Utils */ = {
			isa = PBXGroup;
			children = (
				0A28660F23644FE100773A5A /* CountryCodes.swift */,
				0A982FD62364F72C0082E142 /* Constants.swift */,
				0AB399A6237CB5080044FC3B /* URL+Utils.swift */,
			);
			path = Utils;
			sourceTree = "<group>";
		};
		0A7CB765236349E30029FBD3 = {
			isa = PBXGroup;
			children = (
				0A7CB770236349E30029FBD3 /* RevolutTestApplication */,
				0A8102632367788E002C94E2 /* RevolutTestApplicationTests */,
				0A7CB76F236349E30029FBD3 /* Products */,
				E0B5F5AF26C395070E14CFA3 /* Frameworks */,
			);
			sourceTree = "<group>";
		};
		0A7CB76F236349E30029FBD3 /* Products */ = {
			isa = PBXGroup;
			children = (
				0A7CB76E236349E30029FBD3 /* RevolutTestApplication.app */,
				0A8102622367788E002C94E2 /* RevolutTestApplicationTests.xctest */,
			);
			name = Products;
			sourceTree = "<group>";
		};
		0A7CB770236349E30029FBD3 /* RevolutTestApplication */ = {
			isa = PBXGroup;
			children = (
				0A28660E23644F0700773A5A /* Utils */,
				0A7CB7AA23637F160029FBD3 /* Models */,
				0A7CB78A236364DA0029FBD3 /* Managers */,
				0A7CB7862363645E0029FBD3 /* UI */,
				0A7CB785236363790029FBD3 /* Support files */,
			);
			path = RevolutTestApplication;
			sourceTree = "<group>";
		};
		0A7CB785236363790029FBD3 /* Support files */ = {
			isa = PBXGroup;
			children = (
				0A7CB79B236379350029FBD3 /* Localizable.strings */,
				0A7CB77F236349E90029FBD3 /* Info.plist */,
				0A7CB771236349E30029FBD3 /* AppDelegate.swift */,
				0A7CB77A236349E90029FBD3 /* Assets.xcassets */,
			);
			path = "Support files";
			sourceTree = "<group>";
		};
		0A7CB7862363645E0029FBD3 /* UI */ = {
			isa = PBXGroup;
			children = (
				0A7CB789236364B60029FBD3 /* ViewControllers */,
				0A7CB788236364AE0029FBD3 /* Views */,
				0A7CB7872363647C0029FBD3 /* Storyboards */,
			);
			path = UI;
			sourceTree = "<group>";
		};
		0A7CB7872363647C0029FBD3 /* Storyboards */ = {
			isa = PBXGroup;
			children = (
				0A7CB78D23636B490029FBD3 /* ExchangeRates.storyboard */,
				0A7CB78F23636B490029FBD3 /* LaunchScreen.storyboard */,
				0A81025723672AFA002C94E2 /* SplashScreen.storyboard */,
			);
			path = Storyboards;
			sourceTree = "<group>";
		};
		0A7CB788236364AE0029FBD3 /* Views */ = {
			isa = PBXGroup;
			children = (
				0A7CB7A523637D360029FBD3 /* Cells */,
			);
			path = Views;
			sourceTree = "<group>";
		};
		0A7CB789236364B60029FBD3 /* ViewControllers */ = {
			isa = PBXGroup;
			children = (
				0A81025D236733BD002C94E2 /* Common */,
				0A7CB775236349E30029FBD3 /* AddPairViewController.swift */,
				0A7CB7932363744D0029FBD3 /* CountriesListViewController.swift */,
				0A286613236491FE00773A5A /* PairListViewController.swift */,
			);
			path = ViewControllers;
			sourceTree = "<group>";
		};
		0A7CB78A236364DA0029FBD3 /* Managers */ = {
			isa = PBXGroup;
			children = (
				0A7CB7AD23638BA70029FBD3 /* APIManager.swift */,
				0A286611236489E900773A5A /* EntitiesManager.swift */,
				0A982FD82364FB0F0082E142 /* APIError.swift */,
				0A982FDA2364FBDA0082E142 /* NetworkManager.swift */,
			);
			path = Managers;
			sourceTree = "<group>";
		};
		0A7CB7A523637D360029FBD3 /* Cells */ = {
			isa = PBXGroup;
			children = (
				0A7CB7A623637D5D0029FBD3 /* CountriesTableViewCell.swift */,
				0A7CB7A723637D5D0029FBD3 /* CountriesTableViewCell.xib */,
				0A28661523649D5B00773A5A /* PairTableViewCell.swift */,
				0A28661623649D5B00773A5A /* PairTableViewCell.xib */,
			);
			path = Cells;
			sourceTree = "<group>";
		};
		0A7CB7AA23637F160029FBD3 /* Models */ = {
			isa = PBXGroup;
			children = (
				0A7CB7AB23637FEE0029FBD3 /* CountryInfo.swift */,
			);
			path = Models;
			sourceTree = "<group>";
		};
		0A81025D236733BD002C94E2 /* Common */ = {
			isa = PBXGroup;
			children = (
				0A81025B236732FD002C94E2 /* BaseViewController.swift */,
				0A81025923672B25002C94E2 /* SplashScreenViewController.swift */,
			);
			path = Common;
			sourceTree = "<group>";
		};
		0A8102632367788E002C94E2 /* RevolutTestApplicationTests */ = {
			isa = PBXGroup;
			children = (
				0A8102642367788E002C94E2 /* RevolutTestApplicationTests.swift */,
				0A8102662367788E002C94E2 /* Info.plist */,
			);
			path = RevolutTestApplicationTests;
			sourceTree = "<group>";
		};
		E0B5F5AF26C395070E14CFA3 /* Frameworks */ = {
			isa = PBXGroup;
			children = (
				1B621650EFAF40BC66553A46 /* Pods_RevolutTestApplication.framework */,
			);
			name = Frameworks;
			sourceTree = "<group>";
		};
/* End PBXGroup section */

/* Begin PBXNativeTarget section */
		0A7CB76D236349E30029FBD3 /* RevolutTestApplication */ = {
			isa = PBXNativeTarget;
			buildConfigurationList = 0A7CB782236349E90029FBD3 /* Build configuration list for PBXNativeTarget "RevolutTestApplication" */;
			buildPhases = (
				0A7CB76A236349E30029FBD3 /* Sources */,
				0A7CB76B236349E30029FBD3 /* Frameworks */,
				0A7CB76C236349E30029FBD3 /* Resources */,
			);
			buildRules = (
			);
			dependencies = (
			);
			name = RevolutTestApplication;
			productName = RevolutTestApplication;
			productReference = 0A7CB76E236349E30029FBD3 /* RevolutTestApplication.app */;
			productType = "com.apple.product-type.application";
		};
		0A8102612367788E002C94E2 /* RevolutTestApplicationTests */ = {
			isa = PBXNativeTarget;
			buildConfigurationList = 0A8102692367788E002C94E2 /* Build configuration list for PBXNativeTarget "RevolutTestApplicationTests" */;
			buildPhases = (
				0A81025E2367788E002C94E2 /* Sources */,
				0A81025F2367788E002C94E2 /* Frameworks */,
				0A8102602367788E002C94E2 /* Resources */,
			);
			buildRules = (
			);
			dependencies = (
				0A8102682367788E002C94E2 /* PBXTargetDependency */,
			);
			name = RevolutTestApplicationTests;
			productName = RevolutTestApplicationTests;
			productReference = 0A8102622367788E002C94E2 /* RevolutTestApplicationTests.xctest */;
			productType = "com.apple.product-type.bundle.unit-test";
		};
/* End PBXNativeTarget section */

/* Begin PBXProject section */
		0A7CB766236349E30029FBD3 /* Project object */ = {
			isa = PBXProject;
			attributes = {
				LastSwiftUpdateCheck = 1110;
				LastUpgradeCheck = 1110;
				ORGANIZATIONNAME = "Dmitry Vorozhbicki";
				TargetAttributes = {
					0A7CB76D236349E30029FBD3 = {
						CreatedOnToolsVersion = 11.1;
					};
					0A8102612367788E002C94E2 = {
						CreatedOnToolsVersion = 11.1;
						TestTargetID = 0A7CB76D236349E30029FBD3;
					};
				};
			};
			buildConfigurationList = 0A7CB769236349E30029FBD3 /* Build configuration list for PBXProject "RevolutTestApplication" */;
			compatibilityVersion = "Xcode 9.3";
			developmentRegion = en;
			hasScannedForEncodings = 0;
			knownRegions = (
				en,
				Base,
			);
			mainGroup = 0A7CB765236349E30029FBD3;
			productRefGroup = 0A7CB76F236349E30029FBD3 /* Products */;
			projectDirPath = "";
			projectRoot = "";
			targets = (
				0A7CB76D236349E30029FBD3 /* RevolutTestApplication */,
				0A8102612367788E002C94E2 /* RevolutTestApplicationTests */,
			);
		};
/* End PBXProject section */

/* Begin PBXResourcesBuildPhase section */
		0A7CB76C236349E30029FBD3 /* Resources */ = {
			isa = PBXResourcesBuildPhase;
			buildActionMask = 2147483647;
			files = (
				0A7CB79223636B490029FBD3 /* LaunchScreen.storyboard in Resources */,
				0A7CB79D236379350029FBD3 /* Localizable.strings in Resources */,
				0A7CB77B236349E90029FBD3 /* Assets.xcassets in Resources */,
				0A7CB79123636B490029FBD3 /* ExchangeRates.storyboard in Resources */,
				0A7CB7A923637D5D0029FBD3 /* CountriesTableViewCell.xib in Resources */,
				0A28661823649D5B00773A5A /* PairTableViewCell.xib in Resources */,
				0A81025823672AFA002C94E2 /* SplashScreen.storyboard in Resources */,
			);
			runOnlyForDeploymentPostprocessing = 0;
		};
		0A8102602367788E002C94E2 /* Resources */ = {
			isa = PBXResourcesBuildPhase;
			buildActionMask = 2147483647;
			files = (
			);
			runOnlyForDeploymentPostprocessing = 0;
		};
/* End PBXResourcesBuildPhase section */

/* Begin PBXSourcesBuildPhase section */
		0A7CB76A236349E30029FBD3 /* Sources */ = {
			isa = PBXSourcesBuildPhase;
			buildActionMask = 2147483647;
			files = (
				0A28661723649D5B00773A5A /* PairTableViewCell.swift in Sources */,
				0A286612236489E900773A5A /* EntitiesManager.swift in Sources */,
				0A286614236491FE00773A5A /* PairListViewController.swift in Sources */,
				0A81025A23672B25002C94E2 /* SplashScreenViewController.swift in Sources */,
				0A81025C236732FD002C94E2 /* BaseViewController.swift in Sources */,
				0A982FDB2364FBDA0082E142 /* NetworkManager.swift in Sources */,
				0A7CB7AE23638BA70029FBD3 /* APIManager.swift in Sources */,
				0A7CB7A823637D5D0029FBD3 /* CountriesTableViewCell.swift in Sources */,
				0A7CB776236349E30029FBD3 /* AddPairViewController.swift in Sources */,
				0AB399A7237CB5080044FC3B /* URL+Utils.swift in Sources */,
				0A7CB7942363744D0029FBD3 /* CountriesListViewController.swift in Sources */,
				0A982FD92364FB0F0082E142 /* APIError.swift in Sources */,
				0A7CB7AC23637FEE0029FBD3 /* CountryInfo.swift in Sources */,
				0A982FD72364F72C0082E142 /* Constants.swift in Sources */,
				0A28661023644FE100773A5A /* CountryCodes.swift in Sources */,
				0A7CB772236349E30029FBD3 /* AppDelegate.swift in Sources */,
			);
			runOnlyForDeploymentPostprocessing = 0;
		};
		0A81025E2367788E002C94E2 /* Sources */ = {
			isa = PBXSourcesBuildPhase;
			buildActionMask = 2147483647;
			files = (
				0A8102652367788E002C94E2 /* RevolutTestApplicationTests.swift in Sources */,
			);
			runOnlyForDeploymentPostprocessing = 0;
		};
/* End PBXSourcesBuildPhase section */

/* Begin PBXTargetDependency section */
		0A8102682367788E002C94E2 /* PBXTargetDependency */ = {
			isa = PBXTargetDependency;
			target = 0A7CB76D236349E30029FBD3 /* RevolutTestApplication */;
			targetProxy = 0A8102672367788E002C94E2 /* PBXContainerItemProxy */;
		};
/* End PBXTargetDependency section */

/* Begin PBXVariantGroup section */
		0A7CB78D23636B490029FBD3 /* ExchangeRates.storyboard */ = {
			isa = PBXVariantGroup;
			children = (
				0A7CB78E23636B490029FBD3 /* Base */,
			);
			name = ExchangeRates.storyboard;
			sourceTree = "<group>";
		};
		0A7CB78F23636B490029FBD3 /* LaunchScreen.storyboard */ = {
			isa = PBXVariantGroup;
			children = (
				0A7CB79023636B490029FBD3 /* Base */,
			);
			name = LaunchScreen.storyboard;
			sourceTree = "<group>";
		};
		0A7CB79B236379350029FBD3 /* Localizable.strings */ = {
			isa = PBXVariantGroup;
			children = (
				0A7CB79C236379350029FBD3 /* en */,
			);
			name = Localizable.strings;
			sourceTree = "<group>";
		};
/* End PBXVariantGroup section */

/* Begin XCBuildConfiguration section */
		0A7CB780236349E90029FBD3 /* Debug */ = {
			isa = XCBuildConfiguration;
			buildSettings = {
				ALWAYS_SEARCH_USER_PATHS = NO;
				CLANG_ANALYZER_NONNULL = YES;
				CLANG_ANALYZER_NUMBER_OBJECT_CONVERSION = YES_AGGRESSIVE;
				CLANG_CXX_LANGUAGE_STANDARD = "gnu++14";
				CLANG_CXX_LIBRARY = "libc++";
				CLANG_ENABLE_MODULES = YES;
				CLANG_ENABLE_OBJC_ARC = YES;
				CLANG_ENABLE_OBJC_WEAK = YES;
				CLANG_WARN_BLOCK_CAPTURE_AUTORELEASING = YES;
				CLANG_WARN_BOOL_CONVERSION = YES;
				CLANG_WARN_COMMA = YES;
				CLANG_WARN_CONSTANT_CONVERSION = YES;
				CLANG_WARN_DEPRECATED_OBJC_IMPLEMENTATIONS = YES;
				CLANG_WARN_DIRECT_OBJC_ISA_USAGE = YES_ERROR;
				CLANG_WARN_DOCUMENTATION_COMMENTS = YES;
				CLANG_WARN_EMPTY_BODY = YES;
				CLANG_WARN_ENUM_CONVERSION = YES;
				CLANG_WARN_INFINITE_RECURSION = YES;
				CLANG_WARN_INT_CONVERSION = YES;
				CLANG_WARN_NON_LITERAL_NULL_CONVERSION = YES;
				CLANG_WARN_OBJC_IMPLICIT_RETAIN_SELF = YES;
				CLANG_WARN_OBJC_LITERAL_CONVERSION = YES;
				CLANG_WARN_OBJC_ROOT_CLASS = YES_ERROR;
				CLANG_WARN_RANGE_LOOP_ANALYSIS = YES;
				CLANG_WARN_STRICT_PROTOTYPES = YES;
				CLANG_WARN_SUSPICIOUS_MOVE = YES;
				CLANG_WARN_UNGUARDED_AVAILABILITY = YES_AGGRESSIVE;
				CLANG_WARN_UNREACHABLE_CODE = YES;
				CLANG_WARN__DUPLICATE_METHOD_MATCH = YES;
				COPY_PHASE_STRIP = NO;
				DEBUG_INFORMATION_FORMAT = dwarf;
				ENABLE_STRICT_OBJC_MSGSEND = YES;
				ENABLE_TESTABILITY = YES;
				GCC_C_LANGUAGE_STANDARD = gnu11;
				GCC_DYNAMIC_NO_PIC = NO;
				GCC_NO_COMMON_BLOCKS = YES;
				GCC_OPTIMIZATION_LEVEL = 0;
				GCC_PREPROCESSOR_DEFINITIONS = (
					"DEBUG=1",
					"$(inherited)",
				);
				GCC_WARN_64_TO_32_BIT_CONVERSION = YES;
				GCC_WARN_ABOUT_RETURN_TYPE = YES_ERROR;
				GCC_WARN_UNDECLARED_SELECTOR = YES;
				GCC_WARN_UNINITIALIZED_AUTOS = YES_AGGRESSIVE;
				GCC_WARN_UNUSED_FUNCTION = YES;
				GCC_WARN_UNUSED_VARIABLE = YES;
				IPHONEOS_DEPLOYMENT_TARGET = 13.1;
				MTL_ENABLE_DEBUG_INFO = INCLUDE_SOURCE;
				MTL_FAST_MATH = YES;
				ONLY_ACTIVE_ARCH = YES;
				SDKROOT = iphoneos;
				SWIFT_ACTIVE_COMPILATION_CONDITIONS = DEBUG;
				SWIFT_OPTIMIZATION_LEVEL = "-Onone";
			};
			name = Debug;
		};
		0A7CB781236349E90029FBD3 /* Release */ = {
			isa = XCBuildConfiguration;
			buildSettings = {
				ALWAYS_SEARCH_USER_PATHS = NO;
				CLANG_ANALYZER_NONNULL = YES;
				CLANG_ANALYZER_NUMBER_OBJECT_CONVERSION = YES_AGGRESSIVE;
				CLANG_CXX_LANGUAGE_STANDARD = "gnu++14";
				CLANG_CXX_LIBRARY = "libc++";
				CLANG_ENABLE_MODULES = YES;
				CLANG_ENABLE_OBJC_ARC = YES;
				CLANG_ENABLE_OBJC_WEAK = YES;
				CLANG_WARN_BLOCK_CAPTURE_AUTORELEASING = YES;
				CLANG_WARN_BOOL_CONVERSION = YES;
				CLANG_WARN_COMMA = YES;
				CLANG_WARN_CONSTANT_CONVERSION = YES;
				CLANG_WARN_DEPRECATED_OBJC_IMPLEMENTATIONS = YES;
				CLANG_WARN_DIRECT_OBJC_ISA_USAGE = YES_ERROR;
				CLANG_WARN_DOCUMENTATION_COMMENTS = YES;
				CLANG_WARN_EMPTY_BODY = YES;
				CLANG_WARN_ENUM_CONVERSION = YES;
				CLANG_WARN_INFINITE_RECURSION = YES;
				CLANG_WARN_INT_CONVERSION = YES;
				CLANG_WARN_NON_LITERAL_NULL_CONVERSION = YES;
				CLANG_WARN_OBJC_IMPLICIT_RETAIN_SELF = YES;
				CLANG_WARN_OBJC_LITERAL_CONVERSION = YES;
				CLANG_WARN_OBJC_ROOT_CLASS = YES_ERROR;
				CLANG_WARN_RANGE_LOOP_ANALYSIS = YES;
				CLANG_WARN_STRICT_PROTOTYPES = YES;
				CLANG_WARN_SUSPICIOUS_MOVE = YES;
				CLANG_WARN_UNGUARDED_AVAILABILITY = YES_AGGRESSIVE;
				CLANG_WARN_UNREACHABLE_CODE = YES;
				CLANG_WARN__DUPLICATE_METHOD_MATCH = YES;
				COPY_PHASE_STRIP = NO;
				DEBUG_INFORMATION_FORMAT = "dwarf-with-dsym";
				ENABLE_NS_ASSERTIONS = NO;
				ENABLE_STRICT_OBJC_MSGSEND = YES;
				GCC_C_LANGUAGE_STANDARD = gnu11;
				GCC_NO_COMMON_BLOCKS = YES;
				GCC_WARN_64_TO_32_BIT_CONVERSION = YES;
				GCC_WARN_ABOUT_RETURN_TYPE = YES_ERROR;
				GCC_WARN_UNDECLARED_SELECTOR = YES;
				GCC_WARN_UNINITIALIZED_AUTOS = YES_AGGRESSIVE;
				GCC_WARN_UNUSED_FUNCTION = YES;
				GCC_WARN_UNUSED_VARIABLE = YES;
				IPHONEOS_DEPLOYMENT_TARGET = 13.1;
				MTL_ENABLE_DEBUG_INFO = NO;
				MTL_FAST_MATH = YES;
				SDKROOT = iphoneos;
				SWIFT_COMPILATION_MODE = wholemodule;
				SWIFT_OPTIMIZATION_LEVEL = "-O";
				VALIDATE_PRODUCT = YES;
			};
			name = Release;
		};
		0A7CB783236349E90029FBD3 /* Debug */ = {
			isa = XCBuildConfiguration;
			buildSettings = {
				ASSETCATALOG_COMPILER_APPICON_NAME = AppIcon;
				CODE_SIGN_STYLE = Automatic;
				DEVELOPMENT_TEAM = SU5CK44GUJ;
				INFOPLIST_FILE = "RevolutTestApplication/Support files/Info.plist";
				LD_RUNPATH_SEARCH_PATHS = (
					"$(inherited)",
					"@executable_path/Frameworks",
				);
				PRODUCT_BUNDLE_IDENTIFIER = com.dmitry.vorozhbicki.RevolutTestApplication;
				PRODUCT_NAME = "$(TARGET_NAME)";
				SWIFT_VERSION = 5.0;
				TARGETED_DEVICE_FAMILY = "1,2";
			};
			name = Debug;
		};
		0A7CB784236349E90029FBD3 /* Release */ = {
			isa = XCBuildConfiguration;
			buildSettings = {
				ASSETCATALOG_COMPILER_APPICON_NAME = AppIcon;
				CODE_SIGN_STYLE = Automatic;
				DEVELOPMENT_TEAM = SU5CK44GUJ;
				INFOPLIST_FILE = "RevolutTestApplication/Support files/Info.plist";
				LD_RUNPATH_SEARCH_PATHS = (
					"$(inherited)",
					"@executable_path/Frameworks",
				);
				PRODUCT_BUNDLE_IDENTIFIER = com.dmitry.vorozhbicki.RevolutTestApplication;
				PRODUCT_NAME = "$(TARGET_NAME)";
				SWIFT_VERSION = 5.0;
				TARGETED_DEVICE_FAMILY = "1,2";
			};
			name = Release;
		};
		0A81026A2367788E002C94E2 /* Debug */ = {
			isa = XCBuildConfiguration;
			buildSettings = {
				BUNDLE_LOADER = "$(TEST_HOST)";
				CODE_SIGN_STYLE = Automatic;
				DEVELOPMENT_TEAM = SU5CK44GUJ;
				INFOPLIST_FILE = RevolutTestApplicationTests/Info.plist;
				LD_RUNPATH_SEARCH_PATHS = (
					"$(inherited)",
					"@executable_path/Frameworks",
					"@loader_path/Frameworks",
				);
				PRODUCT_BUNDLE_IDENTIFIER = com.dmitry.vorozhbicki.RevolutTestApplicationTests;
				PRODUCT_NAME = "$(TARGET_NAME)";
				SWIFT_VERSION = 5.0;
				TARGETED_DEVICE_FAMILY = "1,2";
				TEST_HOST = "$(BUILT_PRODUCTS_DIR)/RevolutTestApplication.app/RevolutTestApplication";
			};
			name = Debug;
		};
		0A81026B2367788E002C94E2 /* Release */ = {
			isa = XCBuildConfiguration;
			buildSettings = {
				BUNDLE_LOADER = "$(TEST_HOST)";
				CODE_SIGN_STYLE = Automatic;
				DEVELOPMENT_TEAM = SU5CK44GUJ;
				INFOPLIST_FILE = RevolutTestApplicationTests/Info.plist;
				LD_RUNPATH_SEARCH_PATHS = (
					"$(inherited)",
					"@executable_path/Frameworks",
					"@loader_path/Frameworks",
				);
				PRODUCT_BUNDLE_IDENTIFIER = com.dmitry.vorozhbicki.RevolutTestApplicationTests;
				PRODUCT_NAME = "$(TARGET_NAME)";
				SWIFT_VERSION = 5.0;
				TARGETED_DEVICE_FAMILY = "1,2";
				TEST_HOST = "$(BUILT_PRODUCTS_DIR)/RevolutTestApplication.app/RevolutTestApplication";
			};
			name = Release;
		};
/* End XCBuildConfiguration section */

/* Begin XCConfigurationList section */
		0A7CB769236349E30029FBD3 /* Build configuration list for PBXProject "RevolutTestApplication" */ = {
			isa = XCConfigurationList;
			buildConfigurations = (
				0A7CB780236349E90029FBD3 /* Debug */,
				0A7CB781236349E90029FBD3 /* Release */,
			);
			defaultConfigurationIsVisible = 0;
			defaultConfigurationName = Release;
		};
		0A7CB782236349E90029FBD3 /* Build configuration list for PBXNativeTarget "RevolutTestApplication" */ = {
			isa = XCConfigurationList;
			buildConfigurations = (
				0A7CB783236349E90029FBD3 /* Debug */,
				0A7CB784236349E90029FBD3 /* Release */,
			);
			defaultConfigurationIsVisible = 0;
			defaultConfigurationName = Release;
		};
		0A8102692367788E002C94E2 /* Build configuration list for PBXNativeTarget "RevolutTestApplicationTests" */ = {
			isa = XCConfigurationList;
			buildConfigurations = (
				0A81026A2367788E002C94E2 /* Debug */,
				0A81026B2367788E002C94E2 /* Release */,
			);
			defaultConfigurationIsVisible = 0;
			defaultConfigurationName = Release;
		};
/* End XCConfigurationList section */
	};
	rootObject = 0A7CB766236349E30029FBD3 /* Project object */;
}
